
Microsoft Visual Studio Solution File, Format Version 12.00
# Visual Studio Version 17
VisualStudioVersion = 17.3.32929.385
MinimumVisualStudioVersion = 10.0.40219.1
Project("{FAE04EC0-301F-11D3-BF4B-00C04F79EFBC}") = "Home_Video_Library", "Database_Test\Home_Video_Library.csproj", "{35B8CD10-5B4D-422A-9288-722B92FD7316}"
EndProject
Global
	GlobalSection(SolutionConfigurationPlatforms) = preSolution
		Debug|Any CPU = Debug|Any CPU
		Release|Any CPU = Release|Any CPU
	EndGlobalSection
	GlobalSection(ProjectConfigurationPlatforms) = postSolution
		{35B8CD10-5B4D-422A-9288-722B92FD7316}.Debug|Any CPU.ActiveCfg = Debug|Any CPU
		{35B8CD10-5B4D-422A-9288-722B92FD7316}.Debug|Any CPU.Build.0 = Debug|Any CPU
		{35B8CD10-5B4D-422A-9288-722B92FD7316}.Release|Any CPU.ActiveCfg = Release|Any CPU
		{35B8CD10-5B4D-422A-9288-722B92FD7316}.Release|Any CPU.Build.0 = Release|Any CPU
	EndGlobalSection
	GlobalSection(SolutionProperties) = preSolution
		HideSolutionNode = FALSE
	EndGlobalSection
	GlobalSection(ExtensibilityGlobals) = postSolution
		SolutionGuid = {1F03E019-9E6C-4B42-B806-008108738F14}
	EndGlobalSection
EndGlobal
